
Microsoft Visual Studio Solution File, Format Version 12.00
# Visual Studio Version 17
VisualStudioVersion = 17.1.32228.430
MinimumVisualStudioVersion = 10.0.40219.1
Project("{F184B08F-C81C-45F6-A57F-5ABD9991F28F}") = "BMI CALCULATOR", "BMI CALCULATOR.vbproj", "{EA2AD4C0-5ACC-4221-9F7D-7999DD7A1D39}"
EndProject
Global
	GlobalSection(SolutionConfigurationPlatforms) = preSolution
		Debug|Any CPU = Debug|Any CPU
		Release|Any CPU = Release|Any CPU
	EndGlobalSection
	GlobalSection(ProjectConfigurationPlatforms) = postSolution
		{EA2AD4C0-5ACC-4221-9F7D-7999DD7A1D39}.Debug|Any CPU.ActiveCfg = Debug|Any CPU
		{EA2AD4C0-5ACC-4221-9F7D-7999DD7A1D39}.Debug|Any CPU.Build.0 = Debug|Any CPU
		{EA2AD4C0-5ACC-4221-9F7D-7999DD7A1D39}.Release|Any CPU.ActiveCfg = Release|Any CPU
		{EA2AD4C0-5ACC-4221-9F7D-7999DD7A1D39}.Release|Any CPU.Build.0 = Release|Any CPU
	EndGlobalSection
	GlobalSection(SolutionProperties) = preSolution
		HideSolutionNode = FALSE
	EndGlobalSection
	GlobalSection(ExtensibilityGlobals) = postSolution
		SolutionGuid = {7A0D2CE5-C912-4AA9-93D5-DBC239AD9DF3}
	EndGlobalSection
EndGlobal
